
Microsoft Visual Studio Solution File, Format Version 12.00
# Visual Studio Version 17
VisualStudioVersion = 17.14.36603.0
MinimumVisualStudioVersion = 10.0.40219.1
Project("{FAE04EC0-301F-11D3-BF4B-00C04F79EFBC}") = "Sorter", "Sorter\Sorter.csproj", "{B01980E0-4A3C-4B55-3766-2899412207E8}"
EndProject
Project("{FAE04EC0-301F-11D3-BF4B-00C04F79EFBC}") = "TestFileGenerator", "TestFileGenerator\TestFileGenerator.csproj", "{C7C352DE-9B76-4B99-A0DE-519DBEEEAF79}"
EndProject
Project("{FAE04EC0-301F-11D3-BF4B-00C04F79EFBC}") = "UnitTests", "UnitTests\UnitTests.csproj", "{110CFF9E-6497-4924-9084-B1F7ACB132C5}"
EndProject
Global
	GlobalSection(SolutionConfigurationPlatforms) = preSolution
		Debug|Any CPU = Debug|Any CPU
		Release|Any CPU = Release|Any CPU
	EndGlobalSection
	GlobalSection(ProjectConfigurationPlatforms) = postSolution
		{B01980E0-4A3C-4B55-3766-2899412207E8}.Debug|Any CPU.ActiveCfg = Debug|Any CPU
		{B01980E0-4A3C-4B55-3766-2899412207E8}.Debug|Any CPU.Build.0 = Debug|Any CPU
		{B01980E0-4A3C-4B55-3766-2899412207E8}.Release|Any CPU.ActiveCfg = Release|Any CPU
		{B01980E0-4A3C-4B55-3766-2899412207E8}.Release|Any CPU.Build.0 = Release|Any CPU
		{C7C352DE-9B76-4B99-A0DE-519DBEEEAF79}.Debug|Any CPU.ActiveCfg = Debug|Any CPU
		{C7C352DE-9B76-4B99-A0DE-519DBEEEAF79}.Debug|Any CPU.Build.0 = Debug|Any CPU
		{C7C352DE-9B76-4B99-A0DE-519DBEEEAF79}.Release|Any CPU.ActiveCfg = Release|Any CPU
		{C7C352DE-9B76-4B99-A0DE-519DBEEEAF79}.Release|Any CPU.Build.0 = Release|Any CPU
		{110CFF9E-6497-4924-9084-B1F7ACB132C5}.Debug|Any CPU.ActiveCfg = Debug|Any CPU
		{110CFF9E-6497-4924-9084-B1F7ACB132C5}.Debug|Any CPU.Build.0 = Debug|Any CPU
		{110CFF9E-6497-4924-9084-B1F7ACB132C5}.Release|Any CPU.ActiveCfg = Release|Any CPU
		{110CFF9E-6497-4924-9084-B1F7ACB132C5}.Release|Any CPU.Build.0 = Release|Any CPU
	EndGlobalSection
	GlobalSection(SolutionProperties) = preSolution
		HideSolutionNode = FALSE
	EndGlobalSection
	GlobalSection(ExtensibilityGlobals) = postSolution
		SolutionGuid = {C2B04F41-BAA4-4713-912F-D3A466BD4E96}
	EndGlobalSection
EndGlobal
